version = 1
revision = 2
requires-python = ">=3.13"

[[package]]
name = "aiocoap"
version = "0.4.14"
source = { registry = "https://pypi.org/simple" }
sdist = { url = "https://files.pythonhosted.org/packages/28/76/de52f7fa51ddbb5255f7b80d8965903bfa718420ac5d21b0852f5d81c1b1/aiocoap-0.4.14.tar.gz", hash = "sha256:01a34233b6f9a97df9a61f30bc64c0399bac498eaa160189a7f1f48f89d18717", size = 305637, upload_time = "2025-03-20T16:48:29.461Z" }
wheels = [
    { url = "https://files.pythonhosted.org/packages/c6/c4/a9662a407250b15a8161ee1f0b0aecd7fadeecb9c5d9262f47c872f71433/aiocoap-0.4.14-py3-none-any.whl", hash = "sha256:c8e4f0789e2ffbaad1b9a6d3a1cd1370aeea8800b3ff23be533f2af2369747f0", size = 241380, upload_time = "2025-03-20T16:48:27.61Z" },
]

[[package]]
name = "annotated-types"
version = "0.7.0"
source = { registry = "https://pypi.org/simple" }
sdist = { url = "https://files.pythonhosted.org/packages/ee/67/531ea369ba64dcff5ec9c3402f9f51bf748cec26dde048a2f973a4eea7f5/annotated_types-0.7.0.tar.gz", hash = "sha256:aff07c09a53a08bc8cfccb9c85b05f1aa9a2a6f23728d790723543408344ce89", size = 16081, upload_time = "2024-05-20T21:33:25.928Z" }
wheels = [
    { url = "https://files.pythonhosted.org/packages/78/b6/6307fbef88d9b5ee7421e68d78a9f162e0da4900bc5f5793f6d3d0e34fb8/annotated_types-0.7.0-py3-none-any.whl", hash = "sha256:1f02e8b43a8fbbc3f3e0d4f0f4bfc8131bcb4eebe8849b8e5c773f3a1c582a53", size = 13643, upload_time = "2024-05-20T21:33:24.1Z" },
]

[[package]]
name = "async-timeout"
version = "5.0.1"
source = { registry = "https://pypi.org/simple" }
sdist = { url = "https://files.pythonhosted.org/packages/a5/ae/136395dfbfe00dfc94da3f3e136d0b13f394cba8f4841120e34226265780/async_timeout-5.0.1.tar.gz", hash = "sha256:d9321a7a3d5a6a5e187e824d2fa0793ce379a202935782d555d6e9d2735677d3", size = 9274, upload_time = "2024-11-06T16:41:39.6Z" }
wheels = [
    { url = "https://files.pythonhosted.org/packages/fe/ba/e2081de779ca30d473f21f5b30e0e737c438205440784c7dfc81efc2b029/async_timeout-5.0.1-py3-none-any.whl", hash = "sha256:39e3809566ff85354557ec2398b55e096c8364bacac9405a7a1fa429e77fe76c", size = 6233, upload_time = "2024-11-06T16:41:37.9Z" },
]

[[package]]
name = "cffi"
version = "1.17.1"
source = { registry = "https://pypi.org/simple" }
dependencies = [
    { name = "pycparser" },
]
sdist = { url = "https://files.pythonhosted.org/packages/fc/97/c783634659c2920c3fc70419e3af40972dbaf758daa229a7d6ea6135c90d/cffi-1.17.1.tar.gz", hash = "sha256:1c39c6016c32bc48dd54561950ebd6836e1670f2ae46128f67cf49e789c52824", size = 516621, upload_time = "2024-09-04T20:45:21.852Z" }
wheels = [
    { url = "https://files.pythonhosted.org/packages/8d/f8/dd6c246b148639254dad4d6803eb6a54e8c85c6e11ec9df2cffa87571dbe/cffi-1.17.1-cp313-cp313-macosx_10_13_x86_64.whl", hash = "sha256:f3a2b4222ce6b60e2e8b337bb9596923045681d71e5a082783484d845390938e", size = 182989, upload_time = "2024-09-04T20:44:28.956Z" },
    { url = "https://files.pythonhosted.org/packages/8b/f1/672d303ddf17c24fc83afd712316fda78dc6fce1cd53011b839483e1ecc8/cffi-1.17.1-cp313-cp313-macosx_11_0_arm64.whl", hash = "sha256:0984a4925a435b1da406122d4d7968dd861c1385afe3b45ba82b750f229811e2", size = 178802, upload_time = "2024-09-04T20:44:30.289Z" },
    { url = "https://files.pythonhosted.org/packages/0e/2d/eab2e858a91fdff70533cab61dcff4a1f55ec60425832ddfdc9cd36bc8af/cffi-1.17.1-cp313-cp313-manylinux_2_12_i686.manylinux2010_i686.manylinux_2_17_i686.manylinux2014_i686.whl", hash = "sha256:d01b12eeeb4427d3110de311e1774046ad344f5b1a7403101878976ecd7a10f3", size = 454792, upload_time = "2024-09-04T20:44:32.01Z" },
    { url = "https://files.pythonhosted.org/packages/75/b2/fbaec7c4455c604e29388d55599b99ebcc250a60050610fadde58932b7ee/cffi-1.17.1-cp313-cp313-manylinux_2_17_aarch64.manylinux2014_aarch64.whl", hash = "sha256:706510fe141c86a69c8ddc029c7910003a17353970cff3b904ff0686a5927683", size = 478893, upload_time = "2024-09-04T20:44:33.606Z" },
    { url = "https://files.pythonhosted.org/packages/4f/b7/6e4a2162178bf1935c336d4da8a9352cccab4d3a5d7914065490f08c0690/cffi-1.17.1-cp313-cp313-manylinux_2_17_ppc64le.manylinux2014_ppc64le.whl", hash = "sha256:de55b766c7aa2e2a3092c51e0483d700341182f08e67c63630d5b6f200bb28e5", size = 485810, upload_time = "2024-09-04T20:44:35.191Z" },
    { url = "https://files.pythonhosted.org/packages/c7/8a/1d0e4a9c26e54746dc08c2c6c037889124d4f59dffd853a659fa545f1b40/cffi-1.17.1-cp313-cp313-manylinux_2_17_s390x.manylinux2014_s390x.whl", hash = "sha256:c59d6e989d07460165cc5ad3c61f9fd8f1b4796eacbd81cee78957842b834af4", size = 471200, upload_time = "2024-09-04T20:44:36.743Z" },
    { url = "https://files.pythonhosted.org/packages/26/9f/1aab65a6c0db35f43c4d1b4f580e8df53914310afc10ae0397d29d697af4/cffi-1.17.1-cp313-cp313-manylinux_2_17_x86_64.manylinux2014_x86_64.whl", hash = "sha256:dd398dbc6773384a17fe0d3e7eeb8d1a21c2200473ee6806bb5e6a8e62bb73dd", size = 479447, upload_time = "2024-09-04T20:44:38.492Z" },
    { url = "https://files.pythonhosted.org/packages/5f/e4/fb8b3dd8dc0e98edf1135ff067ae070bb32ef9d509d6cb0f538cd6f7483f/cffi-1.17.1-cp313-cp313-musllinux_1_1_aarch64.whl", hash = "sha256:3edc8d958eb099c634dace3c7e16560ae474aa3803a5df240542b305d14e14ed", size = 484358, upload_time = "2024-09-04T20:44:40.046Z" },
    { url = "https://files.pythonhosted.org/packages/f1/47/d7145bf2dc04684935d57d67dff9d6d795b2ba2796806bb109864be3a151/cffi-1.17.1-cp313-cp313-musllinux_1_1_x86_64.whl", hash = "sha256:72e72408cad3d5419375fc87d289076ee319835bdfa2caad331e377589aebba9", size = 488469, upload_time = "2024-09-04T20:44:41.616Z" },
    { url = "https://files.pythonhosted.org/packages/bf/ee/f94057fa6426481d663b88637a9a10e859e492c73d0384514a17d78ee205/cffi-1.17.1-cp313-cp313-win32.whl", hash = "sha256:e03eab0a8677fa80d646b5ddece1cbeaf556c313dcfac435ba11f107ba117b5d", size = 172475, upload_time = "2024-09-04T20:44:43.733Z" },
    { url = "https://files.pythonhosted.org/packages/7c/fc/6a8cb64e5f0324877d503c854da15d76c1e50eb722e320b15345c4d0c6de/cffi-1.17.1-cp313-cp313-win_amd64.whl", hash = "sha256:f6a16c31041f09ead72d69f583767292f750d24913dadacf5756b966aacb3f1a", size = 182009, upload_time = "2024-09-04T20:44:45.309Z" },
]

[[package]]
name = "chacha20poly1305-reuseable"
version = "0.13.2"
source = { registry = "https://pypi.org/simple" }
dependencies = [
    { name = "cryptography" },
]
sdist = { url = "https://files.pythonhosted.org/packages/c1/ff/6ca12ab8f4d804cfe423e67d7e5de168130b106a0cb749a1043943c23b6b/chacha20poly1305_reuseable-0.13.2.tar.gz", hash = "sha256:dd8be876e25dfc51909eb35602b77a76e0d01a364584756ab3fa848e2407e4ec", size = 8892, upload_time = "2024-07-21T20:11:59.098Z" }
wheels = [
    { url = "https://files.pythonhosted.org/packages/fa/30/a4e44159996e832512f93ec6db89756ed72fe454ce3de1978e3a39c10bcd/chacha20poly1305_reuseable-0.13.2-py3-none-any.whl", hash = "sha256:c7dba7c3604a9fa51bcfef9e4bfdaa3bfaadd88b6c5436a27be1c7e9c4081048", size = 8587, upload_time = "2024-07-21T20:11:57.994Z" },
]

[[package]]
name = "colormath"
version = "3.0.0"
source = { registry = "https://pypi.org/simple" }
dependencies = [
    { name = "networkx" },
    { name = "numpy" },
]
sdist = { url = "https://files.pythonhosted.org/packages/ce/cf/70ea34103a76cc6fb1892289bda321cd0cc73b1a5500ee7fe9ef9f64acef/colormath-3.0.0.tar.gz", hash = "sha256:3d4605af344527da0e4f9f504fad7ddbebda35322c566a6c72e28edb1ff31217", size = 39761, upload_time = "2017-12-27T20:15:11.537Z" }

[[package]]
name = "cryptography"
version = "44.0.2"
source = { registry = "https://pypi.org/simple" }
dependencies = [
    { name = "cffi", marker = "platform_python_implementation != 'PyPy'" },
]
sdist = { url = "https://files.pythonhosted.org/packages/cd/25/4ce80c78963834b8a9fd1cc1266be5ed8d1840785c0f2e1b73b8d128d505/cryptography-44.0.2.tar.gz", hash = "sha256:c63454aa261a0cf0c5b4718349629793e9e634993538db841165b3df74f37ec0", size = 710807, upload_time = "2025-03-02T00:01:37.692Z" }
wheels = [
    { url = "https://files.pythonhosted.org/packages/92/ef/83e632cfa801b221570c5f58c0369db6fa6cef7d9ff859feab1aae1a8a0f/cryptography-44.0.2-cp37-abi3-macosx_10_9_universal2.whl", hash = "sha256:efcfe97d1b3c79e486554efddeb8f6f53a4cdd4cf6086642784fa31fc384e1d7", size = 6676361, upload_time = "2025-03-02T00:00:06.528Z" },
    { url = "https://files.pythonhosted.org/packages/30/ec/7ea7c1e4c8fc8329506b46c6c4a52e2f20318425d48e0fe597977c71dbce/cryptography-44.0.2-cp37-abi3-manylinux_2_17_aarch64.manylinux2014_aarch64.whl", hash = "sha256:29ecec49f3ba3f3849362854b7253a9f59799e3763b0c9d0826259a88efa02f1", size = 3952350, upload_time = "2025-03-02T00:00:09.537Z" },
    { url = "https://files.pythonhosted.org/packages/27/61/72e3afdb3c5ac510330feba4fc1faa0fe62e070592d6ad00c40bb69165e5/cryptography-44.0.2-cp37-abi3-manylinux_2_17_x86_64.manylinux2014_x86_64.whl", hash = "sha256:bc821e161ae88bfe8088d11bb39caf2916562e0a2dc7b6d56714a48b784ef0bb", size = 4166572, upload_time = "2025-03-02T00:00:12.03Z" },
    { url = "https://files.pythonhosted.org/packages/26/e4/ba680f0b35ed4a07d87f9e98f3ebccb05091f3bf6b5a478b943253b3bbd5/cryptography-44.0.2-cp37-abi3-manylinux_2_28_aarch64.whl", hash = "sha256:3c00b6b757b32ce0f62c574b78b939afab9eecaf597c4d624caca4f9e71e7843", size = 3958124, upload_time = "2025-03-02T00:00:14.518Z" },
    { url = "https://files.pythonhosted.org/packages/9c/e8/44ae3e68c8b6d1cbc59040288056df2ad7f7f03bbcaca6b503c737ab8e73/cryptography-44.0.2-cp37-abi3-manylinux_2_28_armv7l.manylinux_2_31_armv7l.whl", hash = "sha256:7bdcd82189759aba3816d1f729ce42ffded1ac304c151d0a8e89b9996ab863d5", size = 3678122, upload_time = "2025-03-02T00:00:17.212Z" },
    { url = "https://files.pythonhosted.org/packages/27/7b/664ea5e0d1eab511a10e480baf1c5d3e681c7d91718f60e149cec09edf01/cryptography-44.0.2-cp37-abi3-manylinux_2_28_x86_64.whl", hash = "sha256:4973da6ca3db4405c54cd0b26d328be54c7747e89e284fcff166132eb7bccc9c", size = 4191831, upload_time = "2025-03-02T00:00:19.696Z" },
    { url = "https://files.pythonhosted.org/packages/2a/07/79554a9c40eb11345e1861f46f845fa71c9e25bf66d132e123d9feb8e7f9/cryptography-44.0.2-cp37-abi3-manylinux_2_34_aarch64.whl", hash = "sha256:4e389622b6927d8133f314949a9812972711a111d577a5d1f4bee5e58736b80a", size = 3960583, upload_time = "2025-03-02T00:00:22.488Z" },
    { url = "https://files.pythonhosted.org/packages/bb/6d/858e356a49a4f0b591bd6789d821427de18432212e137290b6d8a817e9bf/cryptography-44.0.2-cp37-abi3-manylinux_2_34_x86_64.whl", hash = "sha256:f514ef4cd14bb6fb484b4a60203e912cfcb64f2ab139e88c2274511514bf7308", size = 4191753, upload_time = "2025-03-02T00:00:25.038Z" },
    { url = "https://files.pythonhosted.org/packages/b2/80/62df41ba4916067fa6b125aa8c14d7e9181773f0d5d0bd4dcef580d8b7c6/cryptography-44.0.2-cp37-abi3-musllinux_1_2_aarch64.whl", hash = "sha256:1bc312dfb7a6e5d66082c87c34c8a62176e684b6fe3d90fcfe1568de675e6688", size = 4079550, upload_time = "2025-03-02T00:00:26.929Z" },
    { url = "https://files.pythonhosted.org/packages/f3/cd/2558cc08f7b1bb40683f99ff4327f8dcfc7de3affc669e9065e14824511b/cryptography-44.0.2-cp37-abi3-musllinux_1_2_x86_64.whl", hash = "sha256:3b721b8b4d948b218c88cb8c45a01793483821e709afe5f622861fc6182b20a7", size = 4298367, upload_time = "2025-03-02T00:00:28.735Z" },
    { url = "https://files.pythonhosted.org/packages/71/59/94ccc74788945bc3bd4cf355d19867e8057ff5fdbcac781b1ff95b700fb1/cryptography-44.0.2-cp37-abi3-win32.whl", hash = "sha256:51e4de3af4ec3899d6d178a8c005226491c27c4ba84101bfb59c901e10ca9f79", size = 2772843, upload_time = "2025-03-02T00:00:30.592Z" },
    { url = "https://files.pythonhosted.org/packages/ca/2c/0d0bbaf61ba05acb32f0841853cfa33ebb7a9ab3d9ed8bb004bd39f2da6a/cryptography-44.0.2-cp37-abi3-win_amd64.whl", hash = "sha256:c505d61b6176aaf982c5717ce04e87da5abc9a36a5b39ac03905c4aafe8de7aa", size = 3209057, upload_time = "2025-03-02T00:00:33.393Z" },
    { url = "https://files.pythonhosted.org/packages/9e/be/7a26142e6d0f7683d8a382dd963745e65db895a79a280a30525ec92be890/cryptography-44.0.2-cp39-abi3-macosx_10_9_universal2.whl", hash = "sha256:8e0ddd63e6bf1161800592c71ac794d3fb8001f2caebe0966e77c5234fa9efc3", size = 6677789, upload_time = "2025-03-02T00:00:36.009Z" },
    { url = "https://files.pythonhosted.org/packages/06/88/638865be7198a84a7713950b1db7343391c6066a20e614f8fa286eb178ed/cryptography-44.0.2-cp39-abi3-manylinux_2_17_aarch64.manylinux2014_aarch64.whl", hash = "sha256:81276f0ea79a208d961c433a947029e1a15948966658cf6710bbabb60fcc2639", size = 3951919, upload_time = "2025-03-02T00:00:38.581Z" },
    { url = "https://files.pythonhosted.org/packages/d7/fc/99fe639bcdf58561dfad1faa8a7369d1dc13f20acd78371bb97a01613585/cryptography-44.0.2-cp39-abi3-manylinux_2_17_x86_64.manylinux2014_x86_64.whl", hash = "sha256:9a1e657c0f4ea2a23304ee3f964db058c9e9e635cc7019c4aa21c330755ef6fd", size = 4167812, upload_time = "2025-03-02T00:00:42.934Z" },
    { url = "https://files.pythonhosted.org/packages/53/7b/aafe60210ec93d5d7f552592a28192e51d3c6b6be449e7fd0a91399b5d07/cryptography-44.0.2-cp39-abi3-manylinux_2_28_aarch64.whl", hash = "sha256:6210c05941994290f3f7f175a4a57dbbb2afd9273657614c506d5976db061181", size = 3958571, upload_time = "2025-03-02T00:00:46.026Z" },
    { url = "https://files.pythonhosted.org/packages/16/32/051f7ce79ad5a6ef5e26a92b37f172ee2d6e1cce09931646eef8de1e9827/cryptography-44.0.2-cp39-abi3-manylinux_2_28_armv7l.manylinux_2_31_armv7l.whl", hash = "sha256:d1c3572526997b36f245a96a2b1713bf79ce99b271bbcf084beb6b9b075f29ea", size = 3679832, upload_time = "2025-03-02T00:00:48.647Z" },
    { url = "https://files.pythonhosted.org/packages/78/2b/999b2a1e1ba2206f2d3bca267d68f350beb2b048a41ea827e08ce7260098/cryptography-44.0.2-cp39-abi3-manylinux_2_28_x86_64.whl", hash = "sha256:b042d2a275c8cee83a4b7ae30c45a15e6a4baa65a179a0ec2d78ebb90e4f6699", size = 4193719, upload_time = "2025-03-02T00:00:51.397Z" },
    { url = "https://files.pythonhosted.org/packages/72/97/430e56e39a1356e8e8f10f723211a0e256e11895ef1a135f30d7d40f2540/cryptography-44.0.2-cp39-abi3-manylinux_2_34_aarch64.whl", hash = "sha256:d03806036b4f89e3b13b6218fefea8d5312e450935b1a2d55f0524e2ed7c59d9", size = 3960852, upload_time = "2025-03-02T00:00:53.317Z" },
    { url = "https://files.pythonhosted.org/packages/89/33/c1cf182c152e1d262cac56850939530c05ca6c8d149aa0dcee490b417e99/cryptography-44.0.2-cp39-abi3-manylinux_2_34_x86_64.whl", hash = "sha256:c7362add18b416b69d58c910caa217f980c5ef39b23a38a0880dfd87bdf8cd23", size = 4193906, upload_time = "2025-03-02T00:00:56.49Z" },
    { url = "https://files.pythonhosted.org/packages/e1/99/87cf26d4f125380dc674233971069bc28d19b07f7755b29861570e513650/cryptography-44.0.2-cp39-abi3-musllinux_1_2_aarch64.whl", hash = "sha256:8cadc6e3b5a1f144a039ea08a0bdb03a2a92e19c46be3285123d32029f40a922", size = 4081572, upload_time = "2025-03-02T00:00:59.995Z" },
    { url = "https://files.pythonhosted.org/packages/b3/9f/6a3e0391957cc0c5f84aef9fbdd763035f2b52e998a53f99345e3ac69312/cryptography-44.0.2-cp39-abi3-musllinux_1_2_x86_64.whl", hash = "sha256:6f101b1f780f7fc613d040ca4bdf835c6ef3b00e9bd7125a4255ec574c7916e4", size = 4298631, upload_time = "2025-03-02T00:01:01.623Z" },
    { url = "https://files.pythonhosted.org/packages/e2/a5/5bc097adb4b6d22a24dea53c51f37e480aaec3465285c253098642696423/cryptography-44.0.2-cp39-abi3-win32.whl", hash = "sha256:3dc62975e31617badc19a906481deacdeb80b4bb454394b4098e3f2525a488c5", size = 2773792, upload_time = "2025-03-02T00:01:04.133Z" },
    { url = "https://files.pythonhosted.org/packages/33/cf/1f7649b8b9a3543e042d3f348e398a061923ac05b507f3f4d95f11938aa9/cryptography-44.0.2-cp39-abi3-win_amd64.whl", hash = "sha256:5f6f90b72d8ccadb9c6e311c775c8305381db88374c65fa1a68250aa8a9cb3a6", size = 3210957, upload_time = "2025-03-02T00:01:06.987Z" },
]

[[package]]
name = "dtlssocket"
version = "0.1.19"
source = { registry = "https://pypi.org/simple" }
sdist = { url = "https://files.pythonhosted.org/packages/28/f5/44bed0f32678b4c6d3f956e94c6162598b884f0d96e00cdd22ccb56ac50b/DTLSSocket-0.1.19.tar.gz", hash = "sha256:84ac16910fcaf854e09f61acf0fca7cff8a1b9578ef20aea7a43cf6c62b97832", size = 156553, upload_time = "2024-06-27T20:58:32.463Z" }

[[package]]
name = "h11"
version = "0.16.0"
source = { registry = "https://pypi.org/simple" }
sdist = { url = "https://files.pythonhosted.org/packages/01/ee/02a2c011bdab74c6fb3c75474d40b3052059d95df7e73351460c8588d963/h11-0.16.0.tar.gz", hash = "sha256:4e35b956cf45792e4caa5885e69fba00bdbc6ffafbfa020300e549b208ee5ff1", size = 101250, upload_time = "2025-04-24T03:35:25.427Z" }
wheels = [
    { url = "https://files.pythonhosted.org/packages/04/4b/29cac41a4d98d144bf5f6d33995617b185d14b22401f75ca86f384e87ff1/h11-0.16.0-py3-none-any.whl", hash = "sha256:63cf8bbe7522de3bf65932fda1d9c2772064ffb3dae62d55932da54b31cb6c86", size = 37515, upload_time = "2025-04-24T03:35:24.344Z" },
]

[[package]]
name = "hap-python"
version = "4.9.2"
source = { registry = "https://pypi.org/simple" }
dependencies = [
    { name = "async-timeout" },
    { name = "chacha20poly1305-reuseable" },
    { name = "cryptography" },
    { name = "h11" },
    { name = "orjson" },
    { name = "zeroconf" },
]
sdist = { url = "https://files.pythonhosted.org/packages/4e/a6/b25430858a4d213e7a3bb1135b70d77d61d2bbc46480a38751b87ca2f9a1/hap_python-4.9.2.tar.gz", hash = "sha256:5218a38f576f9b8f55aa3ffd93b9415e3429902bb340dcde74044b2f40f47c0d", size = 291245, upload_time = "2024-11-03T08:27:12.737Z" }
wheels = [
    { url = "https://files.pythonhosted.org/packages/72/26/7c7a4be12e2fa5449057b8ed723ee7f5aa8ec9297f378da1bebc7cc80726/HAP_python-4.9.2-py3-none-any.whl", hash = "sha256:acd9e7bed3d6ce6ef9e893b254a4eb6da62f69b2ef9280b275a8999e4d3634b6", size = 264076, upload_time = "2024-11-03T08:27:10.411Z" },
]

[[package]]
name = "home-automation"
version = "0.1.0"
source = { editable = "." }
dependencies = [
    { name = "colormath" },
    { name = "hap-python" },
    { name = "pytradfri", extra = ["async"] },
]

[package.metadata]
requires-dist = [
    { name = "colormath" },
    { name = "hap-python" },
    { name = "pytradfri", extras = ["async"], git = "https://github.com/home-assistant-libs/pytradfri" },
]

[[package]]
name = "ifaddr"
version = "0.2.0"
source = { registry = "https://pypi.org/simple" }
sdist = { url = "https://files.pythonhosted.org/packages/e8/ac/fb4c578f4a3256561548cd825646680edcadb9440f3f68add95ade1eb791/ifaddr-0.2.0.tar.gz", hash = "sha256:cc0cbfcaabf765d44595825fb96a99bb12c79716b73b44330ea38ee2b0c4aed4", size = 10485, upload_time = "2022-06-15T21:40:27.561Z" }
wheels = [
    { url = "https://files.pythonhosted.org/packages/9c/1f/19ebc343cc71a7ffa78f17018535adc5cbdd87afb31d7c34874680148b32/ifaddr-0.2.0-py3-none-any.whl", hash = "sha256:085e0305cfe6f16ab12d72e2024030f5d52674afad6911bb1eee207177b8a748", size = 12314, upload_time = "2022-06-15T21:40:25.756Z" },
]

[[package]]
name = "networkx"
version = "3.4.2"
source = { registry = "https://pypi.org/simple" }
sdist = { url = "https://files.pythonhosted.org/packages/fd/1d/06475e1cd5264c0b870ea2cc6fdb3e37177c1e565c43f56ff17a10e3937f/networkx-3.4.2.tar.gz", hash = "sha256:307c3669428c5362aab27c8a1260aa8f47c4e91d3891f48be0141738d8d053e1", size = 2151368, upload_time = "2024-10-21T12:39:38.695Z" }
wheels = [
    { url = "https://files.pythonhosted.org/packages/b9/54/dd730b32ea14ea797530a4479b2ed46a6fb250f682a9cfb997e968bf0261/networkx-3.4.2-py3-none-any.whl", hash = "sha256:df5d4365b724cf81b8c6a7312509d0c22386097011ad1abe274afd5e9d3bbc5f", size = 1723263, upload_time = "2024-10-21T12:39:36.247Z" },
]

[[package]]
name = "numpy"
version = "2.2.5"
source = { registry = "https://pypi.org/simple" }
sdist = { url = "https://files.pythonhosted.org/packages/dc/b2/ce4b867d8cd9c0ee84938ae1e6a6f7926ebf928c9090d036fc3c6a04f946/numpy-2.2.5.tar.gz", hash = "sha256:a9c0d994680cd991b1cb772e8b297340085466a6fe964bc9d4e80f5e2f43c291", size = 20273920, upload_time = "2025-04-19T23:27:42.561Z" }
wheels = [
    { url = "https://files.pythonhosted.org/packages/e2/a0/0aa7f0f4509a2e07bd7a509042967c2fab635690d4f48c6c7b3afd4f448c/numpy-2.2.5-cp313-cp313-macosx_10_13_x86_64.whl", hash = "sha256:059b51b658f4414fff78c6d7b1b4e18283ab5fa56d270ff212d5ba0c561846f4", size = 20935102, upload_time = "2025-04-19T22:41:16.234Z" },
    { url = "https://files.pythonhosted.org/packages/7e/e4/a6a9f4537542912ec513185396fce52cdd45bdcf3e9d921ab02a93ca5aa9/numpy-2.2.5-cp313-cp313-macosx_11_0_arm64.whl", hash = "sha256:47f9ed103af0bc63182609044b0490747e03bd20a67e391192dde119bf43d52f", size = 14191709, upload_time = "2025-04-19T22:41:38.472Z" },
    { url = "https://files.pythonhosted.org/packages/be/65/72f3186b6050bbfe9c43cb81f9df59ae63603491d36179cf7a7c8d216758/numpy-2.2.5-cp313-cp313-macosx_14_0_arm64.whl", hash = "sha256:261a1ef047751bb02f29dfe337230b5882b54521ca121fc7f62668133cb119c9", size = 5149173, upload_time = "2025-04-19T22:41:47.823Z" },
    { url = "https://files.pythonhosted.org/packages/e5/e9/83e7a9432378dde5802651307ae5e9ea07bb72b416728202218cd4da2801/numpy-2.2.5-cp313-cp313-macosx_14_0_x86_64.whl", hash = "sha256:4520caa3807c1ceb005d125a75e715567806fed67e315cea619d5ec6e75a4191", size = 6684502, upload_time = "2025-04-19T22:41:58.689Z" },
    { url = "https://files.pythonhosted.org/packages/ea/27/b80da6c762394c8ee516b74c1f686fcd16c8f23b14de57ba0cad7349d1d2/numpy-2.2.5-cp313-cp313-manylinux_2_17_aarch64.manylinux2014_aarch64.whl", hash = "sha256:3d14b17b9be5f9c9301f43d2e2a4886a33b53f4e6fdf9ca2f4cc60aeeee76372", size = 14084417, upload_time = "2025-04-19T22:42:19.897Z" },
    { url = "https://files.pythonhosted.org/packages/aa/fc/ebfd32c3e124e6a1043e19c0ab0769818aa69050ce5589b63d05ff185526/numpy-2.2.5-cp313-cp313-manylinux_2_17_x86_64.manylinux2014_x86_64.whl", hash = "sha256:2ba321813a00e508d5421104464510cc962a6f791aa2fca1c97b1e65027da80d", size = 16133807, upload_time = "2025-04-19T22:42:44.433Z" },
    { url = "https://files.pythonhosted.org/packages/bf/9b/4cc171a0acbe4666f7775cfd21d4eb6bb1d36d3a0431f48a73e9212d2278/numpy-2.2.5-cp313-cp313-musllinux_1_2_aarch64.whl", hash = "sha256:a4cbdef3ddf777423060c6f81b5694bad2dc9675f110c4b2a60dc0181543fac7", size = 15575611, upload_time = "2025-04-19T22:43:09.928Z" },
    { url = "https://files.pythonhosted.org/packages/a3/45/40f4135341850df48f8edcf949cf47b523c404b712774f8855a64c96ef29/numpy-2.2.5-cp313-cp313-musllinux_1_2_x86_64.whl", hash = "sha256:54088a5a147ab71a8e7fdfd8c3601972751ded0739c6b696ad9cb0343e21ab73", size = 17895747, upload_time = "2025-04-19T22:43:36.983Z" },
    { url = "https://files.pythonhosted.org/packages/f8/4c/b32a17a46f0ffbde8cc82df6d3daeaf4f552e346df143e1b188a701a8f09/numpy-2.2.5-cp313-cp313-win32.whl", hash = "sha256:c8b82a55ef86a2d8e81b63da85e55f5537d2157165be1cb2ce7cfa57b6aef38b", size = 6309594, upload_time = "2025-04-19T22:47:10.523Z" },
    { url = "https://files.pythonhosted.org/packages/13/ae/72e6276feb9ef06787365b05915bfdb057d01fceb4a43cb80978e518d79b/numpy-2.2.5-cp313-cp313-win_amd64.whl", hash = "sha256:d8882a829fd779f0f43998e931c466802a77ca1ee0fe25a3abe50278616b1471", size = 12638356, upload_time = "2025-04-19T22:47:30.253Z" },
    { url = "https://files.pythonhosted.org/packages/79/56/be8b85a9f2adb688e7ded6324e20149a03541d2b3297c3ffc1a73f46dedb/numpy-2.2.5-cp313-cp313t-macosx_10_13_x86_64.whl", hash = "sha256:e8b025c351b9f0e8b5436cf28a07fa4ac0204d67b38f01433ac7f9b870fa38c6", size = 20963778, upload_time = "2025-04-19T22:44:09.251Z" },
    { url = "https://files.pythonhosted.org/packages/ff/77/19c5e62d55bff507a18c3cdff82e94fe174957bad25860a991cac719d3ab/numpy-2.2.5-cp313-cp313t-macosx_11_0_arm64.whl", hash = "sha256:8dfa94b6a4374e7851bbb6f35e6ded2120b752b063e6acdd3157e4d2bb922eba", size = 14207279, upload_time = "2025-04-19T22:44:31.383Z" },
    { url = "https://files.pythonhosted.org/packages/75/22/aa11f22dc11ff4ffe4e849d9b63bbe8d4ac6d5fae85ddaa67dfe43be3e76/numpy-2.2.5-cp313-cp313t-macosx_14_0_arm64.whl", hash = "sha256:97c8425d4e26437e65e1d189d22dff4a079b747ff9c2788057bfb8114ce1e133", size = 5199247, upload_time = "2025-04-19T22:44:40.361Z" },
    { url = "https://files.pythonhosted.org/packages/4f/6c/12d5e760fc62c08eded0394f62039f5a9857f758312bf01632a81d841459/numpy-2.2.5-cp313-cp313t-macosx_14_0_x86_64.whl", hash = "sha256:352d330048c055ea6db701130abc48a21bec690a8d38f8284e00fab256dc1376", size = 6711087, upload_time = "2025-04-19T22:44:51.188Z" },
    { url = "https://files.pythonhosted.org/packages/ef/94/ece8280cf4218b2bee5cec9567629e61e51b4be501e5c6840ceb593db945/numpy-2.2.5-cp313-cp313t-manylinux_2_17_aarch64.manylinux2014_aarch64.whl", hash = "sha256:8b4c0773b6ada798f51f0f8e30c054d32304ccc6e9c5d93d46cb26f3d385ab19", size = 14059964, upload_time = "2025-04-19T22:45:12.451Z" },
    { url = "https://files.pythonhosted.org/packages/39/41/c5377dac0514aaeec69115830a39d905b1882819c8e65d97fc60e177e19e/numpy-2.2.5-cp313-cp313t-manylinux_2_17_x86_64.manylinux2014_x86_64.whl", hash = "sha256:55f09e00d4dccd76b179c0f18a44f041e5332fd0e022886ba1c0bbf3ea4a18d0", size = 16121214, upload_time = "2025-04-19T22:45:37.734Z" },
    { url = "https://files.pythonhosted.org/packages/db/54/3b9f89a943257bc8e187145c6bc0eb8e3d615655f7b14e9b490b053e8149/numpy-2.2.5-cp313-cp313t-musllinux_1_2_aarch64.whl", hash = "sha256:02f226baeefa68f7d579e213d0f3493496397d8f1cff5e2b222af274c86a552a", size = 15575788, upload_time = "2025-04-19T22:46:01.908Z" },
    { url = "https://files.pythonhosted.org/packages/b1/c4/2e407e85df35b29f79945751b8f8e671057a13a376497d7fb2151ba0d290/numpy-2.2.5-cp313-cp313t-musllinux_1_2_x86_64.whl", hash = "sha256:c26843fd58f65da9491165072da2cccc372530681de481ef670dcc8e27cfb066", size = 17893672, upload_time = "2025-04-19T22:46:28.585Z" },
    { url = "https://files.pythonhosted.org/packages/29/7e/d0b44e129d038dba453f00d0e29ebd6eaf2f06055d72b95b9947998aca14/numpy-2.2.5-cp313-cp313t-win32.whl", hash = "sha256:1a161c2c79ab30fe4501d5a2bbfe8b162490757cf90b7f05be8b80bc02f7bb8e", size = 6377102, upload_time = "2025-04-19T22:46:39.949Z" },
    { url = "https://files.pythonhosted.org/packages/63/be/b85e4aa4bf42c6502851b971f1c326d583fcc68227385f92089cf50a7b45/numpy-2.2.5-cp313-cp313t-win_amd64.whl", hash = "sha256:d403c84991b5ad291d3809bace5e85f4bbf44a04bdc9a88ed2bb1807b3360bb8", size = 12750096, upload_time = "2025-04-19T22:47:00.147Z" },
]

[[package]]
name = "orjson"
version = "3.10.17"
source = { registry = "https://pypi.org/simple" }
sdist = { url = "https://files.pythonhosted.org/packages/81/67/b03620fd3fed311418a250651df433507cae78bed06854f1c7dea121d437/orjson-3.10.17.tar.gz", hash = "sha256:28eeae6a15243966962b658dfcf7bae9e7bb1f3260dfcf0370dbd41f5ff6058b", size = 5421746, upload_time = "2025-04-29T14:25:46.057Z" }
wheels = [
    { url = "https://files.pythonhosted.org/packages/24/88/ce5e94fc05981fdaae8f4dd64545596ab9e8c47165f579900f1bc246fed7/orjson-3.10.17-cp313-cp313-macosx_10_15_x86_64.macosx_11_0_arm64.macosx_10_15_universal2.whl", hash = "sha256:413d07f2b082e74988b70bcfc17ffc7bd90164e1e7214705fc9ace4e114a77e7", size = 249141, upload_time = "2025-04-29T14:24:58.327Z" },
    { url = "https://files.pythonhosted.org/packages/91/8c/3a20b06cedbdcb9b237c159a3fb522aa445d8359dfc3d288aa5ad06d83ae/orjson-3.10.17-cp313-cp313-macosx_15_0_arm64.whl", hash = "sha256:2fa4a286aca6d15ebf7d55261d9be876108d5f3885ffed93a6ae920d226fa2da", size = 133354, upload_time = "2025-04-29T14:24:59.986Z" },
    { url = "https://files.pythonhosted.org/packages/1d/bc/4c3d3a281d0294369f03b3269e27a40c92cda890435c6bbfc42e7f9c36fb/orjson-3.10.17-cp313-cp313-manylinux_2_17_aarch64.manylinux2014_aarch64.whl", hash = "sha256:a3ffa7729b3fb99ae9e4ed7b82b34990eb90cb992c80af80d3a5403ce67b181f", size = 136806, upload_time = "2025-04-29T14:25:01.445Z" },
    { url = "https://files.pythonhosted.org/packages/e9/9d/95a3264d15d56862302353235e9c9e71ac03d310cae7134ad3894d068f4c/orjson-3.10.17-cp313-cp313-manylinux_2_17_armv7l.manylinux2014_armv7l.whl", hash = "sha256:610127319105dbac9dec43676116aee109c3dd22461c33fddcfbebb828407c12", size = 132816, upload_time = "2025-04-29T14:25:02.934Z" },
    { url = "https://files.pythonhosted.org/packages/eb/3c/7acb3f45afdc6ddb31f8355716d67e1472e1babc99f9e7535c4cf703a308/orjson-3.10.17-cp313-cp313-manylinux_2_17_i686.manylinux2014_i686.whl", hash = "sha256:05a9f740f2ab76d7b55a9cddd1a9f6dd0301256302923a232cca2c5002ec586a", size = 137086, upload_time = "2025-04-29T14:25:04.371Z" },
    { url = "https://files.pythonhosted.org/packages/9c/df/ef80e023f83564f7b82aed2f72b7f460fedce01232ff000ae912a40913f3/orjson-3.10.17-cp313-cp313-manylinux_2_17_ppc64le.manylinux2014_ppc64le.whl", hash = "sha256:37da89968c311153c53471c2f49fc0fba41fcd6129a90208158ecd3172cf5647", size = 138372, upload_time = "2025-04-29T14:25:05.83Z" },
    { url = "https://files.pythonhosted.org/packages/1d/d8/0255cced1bad8d880f86bd44f245d4698d5dd32706b2efe4b25c0c8bb57e/orjson-3.10.17-cp313-cp313-manylinux_2_17_s390x.manylinux2014_s390x.whl", hash = "sha256:7c7fcbf27de800c124667daa22b4902d8bdcd42e99382960f90476f1e8b036dc", size = 142845, upload_time = "2025-04-29T14:25:07.353Z" },
    { url = "https://files.pythonhosted.org/packages/d1/d0/e9e38aff63e1d7bbcb818e6f8d4df1056b7f8aeb3b660370e0d41dbc394c/orjson-3.10.17-cp313-cp313-manylinux_2_17_x86_64.manylinux2014_x86_64.whl", hash = "sha256:3af3e11abf8bd77a2b82863eeedd847c694fd64a4f9cb6b1644015a5aef44b84", size = 133146, upload_time = "2025-04-29T14:25:09.963Z" },
    { url = "https://files.pythonhosted.org/packages/e2/da/3d80799e2acc5dded555032ec0915822768bfe2da8d9eaf3764fe40bc78a/orjson-3.10.17-cp313-cp313-musllinux_1_2_aarch64.whl", hash = "sha256:ef1f76d0ab83bb30d393353e2ed211ab99eb3e6a71574fb1c662bca33ee39621", size = 134827, upload_time = "2025-04-29T14:25:11.396Z" },
    { url = "https://files.pythonhosted.org/packages/59/d3/e5b86a40e4b0b99e8d6bda5f3f3c87cfe92e941604b8925fb921dbca41e8/orjson-3.10.17-cp313-cp313-musllinux_1_2_armv7l.whl", hash = "sha256:063c2f1511113de8bcf014d835f7284a64c250518588a034a39a242990fb4408", size = 413507, upload_time = "2025-04-29T14:25:12.985Z" },
    { url = "https://files.pythonhosted.org/packages/b9/57/c96db5eb446e1e0587b64f6446d953ac0b666d95870a2b41310d551dbe8c/orjson-3.10.17-cp313-cp313-musllinux_1_2_i686.whl", hash = "sha256:599c7107d913a2d9770d33abd034d1b869733453283d41f7cc9404710382b40f", size = 153229, upload_time = "2025-04-29T14:25:14.565Z" },
    { url = "https://files.pythonhosted.org/packages/86/5b/56e88a9faf36fed3d97b6b0c07873d2fc383535c0d5c476046e98ee78c6a/orjson-3.10.17-cp313-cp313-musllinux_1_2_x86_64.whl", hash = "sha256:9fa216d28c4ec30b352a3856d8dcd1eb5b97d38b643b68e93bd74e9925080abe", size = 137325, upload_time = "2025-04-29T14:25:16.121Z" },
    { url = "https://files.pythonhosted.org/packages/ae/1d/e2defa183960ea319cc5807439d76b0b897a9a6411e3b34e7b43d23f9fed/orjson-3.10.17-cp313-cp313-win32.whl", hash = "sha256:094b1621e364f8717f8df796a1fa50532d9d506439952009d0a7dba66f3bb1d0", size = 142684, upload_time = "2025-04-29T14:25:17.678Z" },
    { url = "https://files.pythonhosted.org/packages/9a/15/4938e11ac56f25f714034e4dbc95811d44f1bcd41152b838cc637230959e/orjson-3.10.17-cp313-cp313-win_amd64.whl", hash = "sha256:1fdb277021d1a2d0a732f4ee375f1183482ed3f0d4aa95cec5aaa70a231b6599", size = 134750, upload_time = "2025-04-29T14:25:19.276Z" },
    { url = "https://files.pythonhosted.org/packages/c9/1c/a686a3e53fbe772cfbfc219e5b577aa2c2eded2538e6f431a59a175966d3/orjson-3.10.17-cp313-cp313-win_arm64.whl", hash = "sha256:ddb695dcd773a2363a03d8fd66e9fc0c10a98c1e51b980b63118bdb20ab2f071", size = 131141, upload_time = "2025-04-29T14:25:20.79Z" },
]

[[package]]
name = "pycparser"
version = "2.22"
source = { registry = "https://pypi.org/simple" }
sdist = { url = "https://files.pythonhosted.org/packages/1d/b2/31537cf4b1ca988837256c910a668b553fceb8f069bedc4b1c826024b52c/pycparser-2.22.tar.gz", hash = "sha256:491c8be9c040f5390f5bf44a5b07752bd07f56edf992381b05c701439eec10f6", size = 172736, upload_time = "2024-03-30T13:22:22.564Z" }
wheels = [
    { url = "https://files.pythonhosted.org/packages/13/a3/a812df4e2dd5696d1f351d58b8fe16a405b234ad2886a0dab9183fb78109/pycparser-2.22-py3-none-any.whl", hash = "sha256:c3702b6d3dd8c7abc1afa565d7e63d53a1d0bd86cdc24edd75470f4de499cfcc", size = 117552, upload_time = "2024-03-30T13:22:20.476Z" },
]

[[package]]
name = "pydantic"
version = "2.11.3"
source = { registry = "https://pypi.org/simple" }
dependencies = [
    { name = "annotated-types" },
    { name = "pydantic-core" },
    { name = "typing-extensions" },
    { name = "typing-inspection" },
]
sdist = { url = "https://files.pythonhosted.org/packages/10/2e/ca897f093ee6c5f3b0bee123ee4465c50e75431c3d5b6a3b44a47134e891/pydantic-2.11.3.tar.gz", hash = "sha256:7471657138c16adad9322fe3070c0116dd6c3ad8d649300e3cbdfe91f4db4ec3", size = 785513, upload_time = "2025-04-08T13:27:06.399Z" }
wheels = [
    { url = "https://files.pythonhosted.org/packages/b0/1d/407b29780a289868ed696d1616f4aad49d6388e5a77f567dcd2629dcd7b8/pydantic-2.11.3-py3-none-any.whl", hash = "sha256:a082753436a07f9ba1289c6ffa01cd93db3548776088aa917cc43b63f68fa60f", size = 443591, upload_time = "2025-04-08T13:27:03.789Z" },
]

[[package]]
name = "pydantic-core"
version = "2.33.1"
source = { registry = "https://pypi.org/simple" }
dependencies = [
    { name = "typing-extensions" },
]
sdist = { url = "https://files.pythonhosted.org/packages/17/19/ed6a078a5287aea7922de6841ef4c06157931622c89c2a47940837b5eecd/pydantic_core-2.33.1.tar.gz", hash = "sha256:bcc9c6fdb0ced789245b02b7d6603e17d1563064ddcfc36f046b61c0c05dd9df", size = 434395, upload_time = "2025-04-02T09:49:41.8Z" }
wheels = [
    { url = "https://files.pythonhosted.org/packages/7a/24/eed3466a4308d79155f1cdd5c7432c80ddcc4530ba8623b79d5ced021641/pydantic_core-2.33.1-cp313-cp313-macosx_10_12_x86_64.whl", hash = "sha256:70af6a21237b53d1fe7b9325b20e65cbf2f0a848cf77bed492b029139701e66a", size = 2033551, upload_time = "2025-04-02T09:47:51.648Z" },
    { url = "https://files.pythonhosted.org/packages/ab/14/df54b1a0bc9b6ded9b758b73139d2c11b4e8eb43e8ab9c5847c0a2913ada/pydantic_core-2.33.1-cp313-cp313-macosx_11_0_arm64.whl", hash = "sha256:282b3fe1bbbe5ae35224a0dbd05aed9ccabccd241e8e6b60370484234b456266", size = 1852785, upload_time = "2025-04-02T09:47:53.149Z" },
    { url = "https://files.pythonhosted.org/packages/fa/96/e275f15ff3d34bb04b0125d9bc8848bf69f25d784d92a63676112451bfb9/pydantic_core-2.33.1-cp313-cp313-manylinux_2_17_aarch64.manylinux2014_aarch64.whl", hash = "sha256:4b315e596282bbb5822d0c7ee9d255595bd7506d1cb20c2911a4da0b970187d3", size = 1897758, upload_time = "2025-04-02T09:47:55.006Z" },
    { url = "https://files.pythonhosted.org/packages/b7/d8/96bc536e975b69e3a924b507d2a19aedbf50b24e08c80fb00e35f9baaed8/pydantic_core-2.33.1-cp313-cp313-manylinux_2_17_armv7l.manylinux2014_armv7l.whl", hash = "sha256:1dfae24cf9921875ca0ca6a8ecb4bb2f13c855794ed0d468d6abbec6e6dcd44a", size = 1986109, upload_time = "2025-04-02T09:47:56.532Z" },
    { url = "https://files.pythonhosted.org/packages/90/72/ab58e43ce7e900b88cb571ed057b2fcd0e95b708a2e0bed475b10130393e/pydantic_core-2.33.1-cp313-cp313-manylinux_2_17_ppc64le.manylinux2014_ppc64le.whl", hash = "sha256:6dd8ecfde08d8bfadaea669e83c63939af76f4cf5538a72597016edfa3fad516", size = 2129159, upload_time = "2025-04-02T09:47:58.088Z" },
    { url = "https://files.pythonhosted.org/packages/dc/3f/52d85781406886c6870ac995ec0ba7ccc028b530b0798c9080531b409fdb/pydantic_core-2.33.1-cp313-cp313-manylinux_2_17_s390x.manylinux2014_s390x.whl", hash = "sha256:2f593494876eae852dc98c43c6f260f45abdbfeec9e4324e31a481d948214764", size = 2680222, upload_time = "2025-04-02T09:47:59.591Z" },
    { url = "https://files.pythonhosted.org/packages/f4/56/6e2ef42f363a0eec0fd92f74a91e0ac48cd2e49b695aac1509ad81eee86a/pydantic_core-2.33.1-cp313-cp313-manylinux_2_17_x86_64.manylinux2014_x86_64.whl", hash = "sha256:948b73114f47fd7016088e5186d13faf5e1b2fe83f5e320e371f035557fd264d", size = 2006980, upload_time = "2025-04-02T09:48:01.397Z" },
    { url = "https://files.pythonhosted.org/packages/4c/c0/604536c4379cc78359f9ee0aa319f4aedf6b652ec2854953f5a14fc38c5a/pydantic_core-2.33.1-cp313-cp313-manylinux_2_5_i686.manylinux1_i686.whl", hash = "sha256:e11f3864eb516af21b01e25fac915a82e9ddad3bb0fb9e95a246067398b435a4", size = 2120840, upload_time = "2025-04-02T09:48:03.056Z" },
    { url = "https://files.pythonhosted.org/packages/1f/46/9eb764814f508f0edfb291a0f75d10854d78113fa13900ce13729aaec3ae/pydantic_core-2.33.1-cp313-cp313-musllinux_1_1_aarch64.whl", hash = "sha256:549150be302428b56fdad0c23c2741dcdb5572413776826c965619a25d9c6bde", size = 2072518, upload_time = "2025-04-02T09:48:04.662Z" },
    { url = "https://files.pythonhosted.org/packages/42/e3/fb6b2a732b82d1666fa6bf53e3627867ea3131c5f39f98ce92141e3e3dc1/pydantic_core-2.33.1-cp313-cp313-musllinux_1_1_armv7l.whl", hash = "sha256:495bc156026efafd9ef2d82372bd38afce78ddd82bf28ef5276c469e57c0c83e", size = 2248025, upload_time = "2025-04-02T09:48:06.226Z" },
    { url = "https://files.pythonhosted.org/packages/5c/9d/fbe8fe9d1aa4dac88723f10a921bc7418bd3378a567cb5e21193a3c48b43/pydantic_core-2.33.1-cp313-cp313-musllinux_1_1_x86_64.whl", hash = "sha256:ec79de2a8680b1a67a07490bddf9636d5c2fab609ba8c57597e855fa5fa4dacd", size = 2254991, upload_time = "2025-04-02T09:48:08.114Z" },
    { url = "https://files.pythonhosted.org/packages/aa/99/07e2237b8a66438d9b26482332cda99a9acccb58d284af7bc7c946a42fd3/pydantic_core-2.33.1-cp313-cp313-win32.whl", hash = "sha256:ee12a7be1742f81b8a65b36c6921022301d466b82d80315d215c4c691724986f", size = 1915262, upload_time = "2025-04-02T09:48:09.708Z" },
    { url = "https://files.pythonhosted.org/packages/8a/f4/e457a7849beeed1e5defbcf5051c6f7b3c91a0624dd31543a64fc9adcf52/pydantic_core-2.33.1-cp313-cp313-win_amd64.whl", hash = "sha256:ede9b407e39949d2afc46385ce6bd6e11588660c26f80576c11c958e6647bc40", size = 1956626, upload_time = "2025-04-02T09:48:11.288Z" },
    { url = "https://files.pythonhosted.org/packages/20/d0/e8d567a7cff7b04e017ae164d98011f1e1894269fe8e90ea187a3cbfb562/pydantic_core-2.33.1-cp313-cp313-win_arm64.whl", hash = "sha256:aa687a23d4b7871a00e03ca96a09cad0f28f443690d300500603bd0adba4b523", size = 1909590, upload_time = "2025-04-02T09:48:12.861Z" },
    { url = "https://files.pythonhosted.org/packages/ef/fd/24ea4302d7a527d672c5be06e17df16aabfb4e9fdc6e0b345c21580f3d2a/pydantic_core-2.33.1-cp313-cp313t-macosx_11_0_arm64.whl", hash = "sha256:401d7b76e1000d0dd5538e6381d28febdcacb097c8d340dde7d7fc6e13e9f95d", size = 1812963, upload_time = "2025-04-02T09:48:14.553Z" },
    { url = "https://files.pythonhosted.org/packages/5f/95/4fbc2ecdeb5c1c53f1175a32d870250194eb2fdf6291b795ab08c8646d5d/pydantic_core-2.33.1-cp313-cp313t-manylinux_2_17_x86_64.manylinux2014_x86_64.whl", hash = "sha256:7aeb055a42d734c0255c9e489ac67e75397d59c6fbe60d155851e9782f276a9c", size = 1986896, upload_time = "2025-04-02T09:48:16.222Z" },
    { url = "https://files.pythonhosted.org/packages/71/ae/fe31e7f4a62431222d8f65a3bd02e3fa7e6026d154a00818e6d30520ea77/pydantic_core-2.33.1-cp313-cp313t-win_amd64.whl", hash = "sha256:338ea9b73e6e109f15ab439e62cb3b78aa752c7fd9536794112e14bee02c8d18", size = 1931810, upload_time = "2025-04-02T09:48:17.97Z" },
]

[[package]]
name = "pytradfri"
version = "14.0.0"
source = { git = "https://github.com/home-assistant-libs/pytradfri#bf0dc04a434d60f362d32763aeba308f19bf7720" }
dependencies = [
    { name = "pydantic" },
]

[package.optional-dependencies]
async = [
    { name = "aiocoap" },
    { name = "dtlssocket" },
]

[[package]]
name = "typing-extensions"
version = "4.13.2"
source = { registry = "https://pypi.org/simple" }
sdist = { url = "https://files.pythonhosted.org/packages/f6/37/23083fcd6e35492953e8d2aaaa68b860eb422b34627b13f2ce3eb6106061/typing_extensions-4.13.2.tar.gz", hash = "sha256:e6c81219bd689f51865d9e372991c540bda33a0379d5573cddb9a3a23f7caaef", size = 106967, upload_time = "2025-04-10T14:19:05.416Z" }
wheels = [
    { url = "https://files.pythonhosted.org/packages/8b/54/b1ae86c0973cc6f0210b53d508ca3641fb6d0c56823f288d108bc7ab3cc8/typing_extensions-4.13.2-py3-none-any.whl", hash = "sha256:a439e7c04b49fec3e5d3e2beaa21755cadbbdc391694e28ccdd36ca4a1408f8c", size = 45806, upload_time = "2025-04-10T14:19:03.967Z" },
]

[[package]]
name = "typing-inspection"
version = "0.4.0"
source = { registry = "https://pypi.org/simple" }
dependencies = [
    { name = "typing-extensions" },
]
sdist = { url = "https://files.pythonhosted.org/packages/82/5c/e6082df02e215b846b4b8c0b887a64d7d08ffaba30605502639d44c06b82/typing_inspection-0.4.0.tar.gz", hash = "sha256:9765c87de36671694a67904bf2c96e395be9c6439bb6c87b5142569dcdd65122", size = 76222, upload_time = "2025-02-25T17:27:59.638Z" }
wheels = [
    { url = "https://files.pythonhosted.org/packages/31/08/aa4fdfb71f7de5176385bd9e90852eaf6b5d622735020ad600f2bab54385/typing_inspection-0.4.0-py3-none-any.whl", hash = "sha256:50e72559fcd2a6367a19f7a7e610e6afcb9fac940c650290eed893d61386832f", size = 14125, upload_time = "2025-02-25T17:27:57.754Z" },
]

[[package]]
name = "zeroconf"
version = "0.146.5"
source = { registry = "https://pypi.org/simple" }
dependencies = [
    { name = "ifaddr" },
]
sdist = { url = "https://files.pythonhosted.org/packages/85/3d/872026a00b364f74144a8103f036fb23562e94461295ecbc7b10783f14b9/zeroconf-0.146.5.tar.gz", hash = "sha256:e2907ce4c12b02c0e05082f3e0fce75cbac82deecb53c02ce118d50a594b48a5", size = 163906, upload_time = "2025-04-14T21:22:47.469Z" }
wheels = [
    { url = "https://files.pythonhosted.org/packages/c2/80/47a26b4d4871bcc18fdd287b315dc95187cb1100a9162ef6f3a38d658fb3/zeroconf-0.146.5-cp313-cp313-macosx_10_13_x86_64.whl", hash = "sha256:f788d2b6cb5d4597f346a54b8a672300db30e8695b97d5d399c2b3d1bdd04cb3", size = 1841537, upload_time = "2025-04-14T21:56:53.383Z" },
    { url = "https://files.pythonhosted.org/packages/53/30/4e921ed747a26625ca4a7a5066227c8f05ae34b9e00498b94c3e6505dd76/zeroconf-0.146.5-cp313-cp313-macosx_11_0_arm64.whl", hash = "sha256:2aee2dbab52e06463f39591f05f063a42866270584e2c2794ad8bbd82267127d", size = 1697779, upload_time = "2025-04-14T21:56:55.144Z" },
    { url = "https://files.pythonhosted.org/packages/2e/8e/3aeaf9788a575be51806582e135fdf6955b059d4dfc3502f6f8798c9af34/zeroconf-0.146.5-cp313-cp313-manylinux_2_17_aarch64.manylinux2014_aarch64.whl", hash = "sha256:3f27586a97c113a1418a0834e57d9bb1b49cf1693781ee56ab5c683705850fcf", size = 2143947, upload_time = "2025-04-14T21:56:57.538Z" },
    { url = "https://files.pythonhosted.org/packages/10/0f/f0d2554e1825d755087f71e9a5781da41be035a9ae733da7bdc7fe3274f2/zeroconf-0.146.5-cp313-cp313-manylinux_2_17_i686.manylinux_2_5_i686.manylinux1_i686.manylinux2014_i686.whl", hash = "sha256:8073e8b3cb2ebd864df30fcc56bde5028678acf57d69a3920d47858704c40d17", size = 2315747, upload_time = "2025-04-14T21:56:59.238Z" },
    { url = "https://files.pythonhosted.org/packages/75/d4/0a32eaa0b8e2a47cb907a8fa6fbe2ef48406ed499fd2c9b4d5dfecc4b36a/zeroconf-0.146.5-cp313-cp313-manylinux_2_17_x86_64.manylinux2014_x86_64.whl", hash = "sha256:ef34195eb129b0054148affb49b0de17b76a30360cdbba6329b8822b8691b6ad", size = 2262602, upload_time = "2025-04-14T21:57:01.498Z" },
    { url = "https://files.pythonhosted.org/packages/0a/4d/867a1ed5bf10901671cd9f02326425716f1aa679b99d229c034190f37c1e/zeroconf-0.146.5-cp313-cp313-manylinux_2_31_armv7l.manylinux_2_17_armv7l.manylinux2014_armv7l.whl", hash = "sha256:ebf8256f7ed8958d7a50b33cc65c422ae8de797a6e5ecc9fec7a0d567706774f", size = 2098611, upload_time = "2025-04-14T21:57:03.661Z" },
    { url = "https://files.pythonhosted.org/packages/59/89/1cffa24229d31b592358f2f6cfe5b13fb97a27d502f9878ff1b77bb21d66/zeroconf-0.146.5-cp313-cp313-manylinux_2_36_x86_64.whl", hash = "sha256:15c43aefaf4ad40fac3b3a9e9507e752a786cdd8d2fd2ad6d265ee750b1076f4", size = 2307703, upload_time = "2025-04-14T21:22:45.425Z" },
    { url = "https://files.pythonhosted.org/packages/ec/45/5970b6187f15391b363d7aa0bc83395b9a5b576ccc93f4ae45dc4528dbac/zeroconf-0.146.5-cp313-cp313-musllinux_1_2_aarch64.whl", hash = "sha256:05782cf0ce72510637ea37a8f2db7d2fc8d35bfb94110d7f8377b371fdec22d0", size = 2298550, upload_time = "2025-04-14T21:57:05.347Z" },
    { url = "https://files.pythonhosted.org/packages/33/bc/eb97228eed0480d5bcc0afa488322ec84e2c846110277627ea2ba438ad46/zeroconf-0.146.5-cp313-cp313-musllinux_1_2_armv7l.whl", hash = "sha256:bbc061fc0b93d84d1414e08d024ea43efb66b8522e296c6e248efdf24d38eabe", size = 2153364, upload_time = "2025-04-14T21:57:07.071Z" },
    { url = "https://files.pythonhosted.org/packages/db/c5/6d9f0826e4e12ada03c9efbee6f5d1a476d191a48cdeb75e6578c492c476/zeroconf-0.146.5-cp313-cp313-musllinux_1_2_i686.whl", hash = "sha256:90b462109d7175fce02d105cba99c28a7251cbfb20f1df94e51c42717502a3d3", size = 2497762, upload_time = "2025-04-14T21:57:09.321Z" },
    { url = "https://files.pythonhosted.org/packages/6f/06/e9e359c289ea6baf8c76d74a7c143e5aa63e1be5926faa154c201192090e/zeroconf-0.146.5-cp313-cp313-musllinux_1_2_x86_64.whl", hash = "sha256:3acab698b1d14b1243372bff580e31335cd6296b6f526148f812221ab11bc7a0", size = 2460076, upload_time = "2025-04-14T21:57:11.221Z" },
    { url = "https://files.pythonhosted.org/packages/99/36/990c2812df8b641f27e6a539f31405fba6da955dd98943c896d72b2a735e/zeroconf-0.146.5-cp313-cp313-win32.whl", hash = "sha256:123ea91cb3b0119f314b11c33ed48ac35a1dabe521eb43b5f7c547c1e7d7b97f", size = 1428181, upload_time = "2025-04-14T21:57:13.076Z" },
    { url = "https://files.pythonhosted.org/packages/53/bb/8e61ff52a46460c59f193bc119ba432bb410cdbf966e662a9913a3c9763b/zeroconf-0.146.5-cp313-cp313-win_amd64.whl", hash = "sha256:3888f6cd66a17a5498f6ad86a8da53fab4725b993e13853016b114b553fecbcd", size = 1656570, upload_time = "2025-04-14T21:57:15.388Z" },
]
